// !$*UTF8*$!
{
	archiveVersion = 1;
	classes = {
	};
	objectVersion = 56;
	objects = {

/* Begin PBXBuildFile section */
		5A089EEB2E1E4CFB005FD0A8 /* CombineTestVc.swift in Sources */ = {isa = PBXBuildFile; fileRef = 5A089EEA2E1E4CFB005FD0A8 /* CombineTestVc.swift */; };
		5A15ADF52E16470300A528AD /* TransframeViewController.m in Sources */ = {isa = PBXBuildFile; fileRef = 5A15ADF32E16470300A528AD /* TransframeViewController.m */; };
		5A15ADF62E16470300A528AD /* TransframeViewController.xib in Resources */ = {isa = PBXBuildFile; fileRef = 5A15ADF42E16470300A528AD /* TransframeViewController.xib */; };
		5A15ADFA2E16686A00A528AD /* CABaseAnimationViewController.m in Sources */ = {isa = PBXBuildFile; fileRef = 5A15ADF92E16686A00A528AD /* CABaseAnimationViewController.m */; };
		5A15ADFD2E166B7500A528AD /* KeyFrameAnimationVC.m in Sources */ = {isa = PBXBuildFile; fileRef = 5A15ADFC2E166B7500A528AD /* KeyFrameAnimationVC.m */; };
		5A15AE002E166B8400A528AD /* TransitionAnimationVC.m in Sources */ = {isa = PBXBuildFile; fileRef = 5A15ADFF2E166B8400A528AD /* TransitionAnimationVC.m */; };
		5A15AE032E166B9700A528AD /* GroupAnimationVC.m in Sources */ = {isa = PBXBuildFile; fileRef = 5A15AE022E166B9700A528AD /* GroupAnimationVC.m */; };
		5A15AE052E16740200A528AD /* TransitionAnimationVC.xib in Resources */ = {isa = PBXBuildFile; fileRef = 5A15AE042E16740200A528AD /* TransitionAnimationVC.xib */; };
		5A15AE0D2E16758100A528AD /* 3.png in Resources */ = {isa = PBXBuildFile; fileRef = 5A15AE062E16757F00A528AD /* 3.png */; };
		5A15AE0E2E16758100A528AD /* 7.png in Resources */ = {isa = PBXBuildFile; fileRef = 5A15AE072E16757F00A528AD /* 7.png */; };
		5A15AE0F2E16758100A528AD /* 1.png in Resources */ = {isa = PBXBuildFile; fileRef = 5A15AE082E16757F00A528AD /* 1.png */; };
		5A15AE102E16758100A528AD /* 5.png in Resources */ = {isa = PBXBuildFile; fileRef = 5A15AE092E16758000A528AD /* 5.png */; };
		5A15AE112E16758100A528AD /* 2.png in Resources */ = {isa = PBXBuildFile; fileRef = 5A15AE0A2E16758000A528AD /* 2.png */; };
		5A15AE122E16758100A528AD /* 4.png in Resources */ = {isa = PBXBuildFile; fileRef = 5A15AE0B2E16758000A528AD /* 4.png */; };
		5A15AE132E16758100A528AD /* 6.png in Resources */ = {isa = PBXBuildFile; fileRef = 5A15AE0C2E16758000A528AD /* 6.png */; };
		5A9CCD5A2E0AA6F9006B96BA /* AppDelegate.swift in Sources */ = {isa = PBXBuildFile; fileRef = 5A9CCD592E0AA6F9006B96BA /* AppDelegate.swift */; };
		5A9CCD5C2E0AA6F9006B96BA /* SceneDelegate.swift in Sources */ = {isa = PBXBuildFile; fileRef = 5A9CCD5B2E0AA6F9006B96BA /* SceneDelegate.swift */; };
		5A9CCD5E2E0AA6F9006B96BA /* ViewController.swift in Sources */ = {isa = PBXBuildFile; fileRef = 5A9CCD5D2E0AA6F9006B96BA /* ViewController.swift */; };
		5A9CCD612E0AA6F9006B96BA /* Main.storyboard in Resources */ = {isa = PBXBuildFile; fileRef = 5A9CCD5F2E0AA6F9006B96BA /* Main.storyboard */; };
		5A9CCD632E0AA6FD006B96BA /* Assets.xcassets in Resources */ = {isa = PBXBuildFile; fileRef = 5A9CCD622E0AA6FD006B96BA /* Assets.xcassets */; };
		5A9CCD662E0AA6FD006B96BA /* LaunchScreen.storyboard in Resources */ = {isa = PBXBuildFile; fileRef = 5A9CCD642E0AA6FD006B96BA /* LaunchScreen.storyboard */; };
		5A9CCD702E1380BB006B96BA /* HomeViewController+Testing.m in Sources */ = {isa = PBXBuildFile; fileRef = 5A9CCD6F2E1380BB006B96BA /* HomeViewController+Testing.m */; };
		5A9CCD742E1381EE006B96BA /* HomeViewController.m in Sources */ = {isa = PBXBuildFile; fileRef = 5A9CCD732E1381EE006B96BA /* HomeViewController.m */; };
		5A9CCD762E138259006B96BA /* HomeViewController.xib in Resources */ = {isa = PBXBuildFile; fileRef = 5A9CCD752E138259006B96BA /* HomeViewController.xib */; };
		5AB4C30C2E4094DA0021D30E /* WKWebViewVC.swift in Sources */ = {isa = PBXBuildFile; fileRef = 5AB4C30B2E4094DA0021D30E /* WKWebViewVC.swift */; };
		5AB4C30E2E4095510021D30E /* index.html in Resources */ = {isa = PBXBuildFile; fileRef = 5AB4C30D2E4095510021D30E /* index.html */; };
/* End PBXBuildFile section */

/* Begin PBXFileReference section */
		5A089EEA2E1E4CFB005FD0A8 /* CombineTestVc.swift */ = {isa = PBXFileReference; lastKnownFileType = sourcecode.swift; path = CombineTestVc.swift; sourceTree = "<group>"; };
		5A15ADF22E16470300A528AD /* TransframeViewController.h */ = {isa = PBXFileReference; lastKnownFileType = sourcecode.c.h; path = TransframeViewController.h; sourceTree = "<group>"; };
		5A15ADF32E16470300A528AD /* TransframeViewController.m */ = {isa = PBXFileReference; lastKnownFileType = sourcecode.c.objc; path = TransframeViewController.m; sourceTree = "<group>"; };
		5A15ADF42E16470300A528AD /* TransframeViewController.xib */ = {isa = PBXFileReference; lastKnownFileType = file.xib; path = TransframeViewController.xib; sourceTree = "<group>"; };
		5A15ADF72E164CFF00A528AD /* PrefixHeader.pch */ = {isa = PBXFileReference; lastKnownFileType = sourcecode.c.h; path = PrefixHeader.pch; sourceTree = "<group>"; };
		5A15ADF82E16686A00A528AD /* CABaseAnimationViewController.h */ = {isa = PBXFileReference; lastKnownFileType = sourcecode.c.h; path = CABaseAnimationViewController.h; sourceTree = "<group>"; };
		5A15ADF92E16686A00A528AD /* CABaseAnimationViewController.m */ = {isa = PBXFileReference; lastKnownFileType = sourcecode.c.objc; path = CABaseAnimationViewController.m; sourceTree = "<group>"; };
		5A15ADFB2E166B7500A528AD /* KeyFrameAnimationVC.h */ = {isa = PBXFileReference; lastKnownFileType = sourcecode.c.h; path = KeyFrameAnimationVC.h; sourceTree = "<group>"; };
		5A15ADFC2E166B7500A528AD /* KeyFrameAnimationVC.m */ = {isa = PBXFileReference; lastKnownFileType = sourcecode.c.objc; path = KeyFrameAnimationVC.m; sourceTree = "<group>"; };
		5A15ADFE2E166B8400A528AD /* TransitionAnimationVC.h */ = {isa = PBXFileReference; lastKnownFileType = sourcecode.c.h; path = TransitionAnimationVC.h; sourceTree = "<group>"; };
		5A15ADFF2E166B8400A528AD /* TransitionAnimationVC.m */ = {isa = PBXFileReference; lastKnownFileType = sourcecode.c.objc; path = TransitionAnimationVC.m; sourceTree = "<group>"; };
		5A15AE012E166B9700A528AD /* GroupAnimationVC.h */ = {isa = PBXFileReference; lastKnownFileType = sourcecode.c.h; path = GroupAnimationVC.h; sourceTree = "<group>"; };
		5A15AE022E166B9700A528AD /* GroupAnimationVC.m */ = {isa = PBXFileReference; lastKnownFileType = sourcecode.c.objc; path = GroupAnimationVC.m; sourceTree = "<group>"; };
		5A15AE042E16740200A528AD /* TransitionAnimationVC.xib */ = {isa = PBXFileReference; lastKnownFileType = file.xib; path = TransitionAnimationVC.xib; sourceTree = "<group>"; };
		5A15AE062E16757F00A528AD /* 3.png */ = {isa = PBXFileReference; lastKnownFileType = image.png; path = 3.png; sourceTree = "<group>"; };
		5A15AE072E16757F00A528AD /* 7.png */ = {isa = PBXFileReference; lastKnownFileType = image.png; path = 7.png; sourceTree = "<group>"; };
		5A15AE082E16757F00A528AD /* 1.png */ = {isa = PBXFileReference; lastKnownFileType = image.png; path = 1.png; sourceTree = "<group>"; };
		5A15AE092E16758000A528AD /* 5.png */ = {isa = PBXFileReference; lastKnownFileType = image.png; path = 5.png; sourceTree = "<group>"; };
		5A15AE0A2E16758000A528AD /* 2.png */ = {isa = PBXFileReference; lastKnownFileType = image.png; path = 2.png; sourceTree = "<group>"; };
		5A15AE0B2E16758000A528AD /* 4.png */ = {isa = PBXFileReference; lastKnownFileType = image.png; path = 4.png; sourceTree = "<group>"; };
		5A15AE0C2E16758000A528AD /* 6.png */ = {isa = PBXFileReference; lastKnownFileType = image.png; path = 6.png; sourceTree = "<group>"; };
		5A9CCD562E0AA6F9006B96BA /* UIKitDemo.app */ = {isa = PBXFileReference; explicitFileType = wrapper.application; includeInIndex = 0; path = UIKitDemo.app; sourceTree = BUILT_PRODUCTS_DIR; };
		5A9CCD592E0AA6F9006B96BA /* AppDelegate.swift */ = {isa = PBXFileReference; lastKnownFileType = sourcecode.swift; path = AppDelegate.swift; sourceTree = "<group>"; };
		5A9CCD5B2E0AA6F9006B96BA /* SceneDelegate.swift */ = {isa = PBXFileReference; lastKnownFileType = sourcecode.swift; path = SceneDelegate.swift; sourceTree = "<group>"; };
		5A9CCD5D2E0AA6F9006B96BA /* ViewController.swift */ = {isa = PBXFileReference; lastKnownFileType = sourcecode.swift; path = ViewController.swift; sourceTree = "<group>"; };
		5A9CCD602E0AA6F9006B96BA /* Base */ = {isa = PBXFileReference; lastKnownFileType = file.storyboard; name = Base; path = Base.lproj/Main.storyboard; sourceTree = "<group>"; };
		5A9CCD622E0AA6FD006B96BA /* Assets.xcassets */ = {isa = PBXFileReference; lastKnownFileType = folder.assetcatalog; path = Assets.xcassets; sourceTree = "<group>"; };
		5A9CCD652E0AA6FD006B96BA /* Base */ = {isa = PBXFileReference; lastKnownFileType = file.storyboard; name = Base; path = Base.lproj/LaunchScreen.storyboard; sourceTree = "<group>"; };
		5A9CCD672E0AA6FD006B96BA /* Info.plist */ = {isa = PBXFileReference; lastKnownFileType = text.plist.xml; path = Info.plist; sourceTree = "<group>"; };
		5A9CCD6D2E1380BA006B96BA /* UIKitDemo-Bridging-Header.h */ = {isa = PBXFileReference; lastKnownFileType = sourcecode.c.h; path = "UIKitDemo-Bridging-Header.h"; sourceTree = "<group>"; };
		5A9CCD6E2E1380BB006B96BA /* HomeViewController+Testing.h */ = {isa = PBXFileReference; lastKnownFileType = sourcecode.c.h; path = "HomeViewController+Testing.h"; sourceTree = "<group>"; };
		5A9CCD6F2E1380BB006B96BA /* HomeViewController+Testing.m */ = {isa = PBXFileReference; lastKnownFileType = sourcecode.c.objc; path = "HomeViewController+Testing.m"; sourceTree = "<group>"; };
		5A9CCD722E1381EE006B96BA /* HomeViewController.h */ = {isa = PBXFileReference; lastKnownFileType = sourcecode.c.h; path = HomeViewController.h; sourceTree = "<group>"; };
		5A9CCD732E1381EE006B96BA /* HomeViewController.m */ = {isa = PBXFileReference; lastKnownFileType = sourcecode.c.objc; path = HomeViewController.m; sourceTree = "<group>"; };
		5A9CCD752E138259006B96BA /* HomeViewController.xib */ = {isa = PBXFileReference; lastKnownFileType = file.xib; path = HomeViewController.xib; sourceTree = "<group>"; };
		5A9CCD772E1394DB006B96BA /* UIViewController+HomeViewController.h */ = {isa = PBXFileReference; lastKnownFileType = sourcecode.c.h; path = "UIViewController+HomeViewController.h"; sourceTree = "<group>"; };
		5AB4C30B2E4094DA0021D30E /* WKWebViewVC.swift */ = {isa = PBXFileReference; lastKnownFileType = sourcecode.swift; path = WKWebViewVC.swift; sourceTree = "<group>"; };
		5AB4C30D2E4095510021D30E /* index.html */ = {isa = PBXFileReference; lastKnownFileType = text.html; path = index.html; sourceTree = "<group>"; };
/* End PBXFileReference section */

/* Begin PBXFrameworksBuildPhase section */
		5A9CCD532E0AA6F9006B96BA /* Frameworks */ = {
			isa = PBXFrameworksBuildPhase;
			buildActionMask = 2147483647;
			files = (
			);
			runOnlyForDeploymentPostprocessing = 0;
		};
/* End PBXFrameworksBuildPhase section */

/* Begin PBXGroup section */
		5A9CCD4D2E0AA6F9006B96BA = {
			isa = PBXGroup;
			children = (
				5A9CCD582E0AA6F9006B96BA /* UIKitDemo */,
				5A9CCD572E0AA6F9006B96BA /* Products */,
			);
			sourceTree = "<group>";
		};
		5A9CCD572E0AA6F9006B96BA /* Products */ = {
			isa = PBXGroup;
			children = (
				5A9CCD562E0AA6F9006B96BA /* UIKitDemo.app */,
			);
			name = Products;
			sourceTree = "<group>";
		};
		5A9CCD582E0AA6F9006B96BA /* UIKitDemo */ = {
			isa = PBXGroup;
			children = (
				5A9CCD592E0AA6F9006B96BA /* AppDelegate.swift */,
				5A9CCD5B2E0AA6F9006B96BA /* SceneDelegate.swift */,
				5A9CCD5D2E0AA6F9006B96BA /* ViewController.swift */,
				5AB4C30B2E4094DA0021D30E /* WKWebViewVC.swift */,
				5AB4C30D2E4095510021D30E /* index.html */,
				5A089EEA2E1E4CFB005FD0A8 /* CombineTestVc.swift */,
				5A15ADF82E16686A00A528AD /* CABaseAnimationViewController.h */,
				5A15ADF92E16686A00A528AD /* CABaseAnimationViewController.m */,
				5A15ADFB2E166B7500A528AD /* KeyFrameAnimationVC.h */,
				5A15ADFC2E166B7500A528AD /* KeyFrameAnimationVC.m */,
				5A15ADFE2E166B8400A528AD /* TransitionAnimationVC.h */,
				5A15ADFF2E166B8400A528AD /* TransitionAnimationVC.m */,
				5A15AE042E16740200A528AD /* TransitionAnimationVC.xib */,
				5A15AE012E166B9700A528AD /* GroupAnimationVC.h */,
				5A15AE022E166B9700A528AD /* GroupAnimationVC.m */,
				5A15ADF22E16470300A528AD /* TransframeViewController.h */,
				5A15ADF32E16470300A528AD /* TransframeViewController.m */,
				5A15ADF42E16470300A528AD /* TransframeViewController.xib */,
				5A15ADF72E164CFF00A528AD /* PrefixHeader.pch */,
				5A9CCD722E1381EE006B96BA /* HomeViewController.h */,
				5A9CCD732E1381EE006B96BA /* HomeViewController.m */,
				5A9CCD752E138259006B96BA /* HomeViewController.xib */,
				5A9CCD6E2E1380BB006B96BA /* HomeViewController+Testing.h */,
				5A9CCD6F2E1380BB006B96BA /* HomeViewController+Testing.m */,
				5A9CCD772E1394DB006B96BA /* UIViewController+HomeViewController.h */,
				5A9CCD5F2E0AA6F9006B96BA /* Main.storyboard */,
				5A9CCD622E0AA6FD006B96BA /* Assets.xcassets */,
				5A15AE082E16757F00A528AD /* 1.png */,
				5A15AE0A2E16758000A528AD /* 2.png */,
				5A15AE062E16757F00A528AD /* 3.png */,
				5A15AE0B2E16758000A528AD /* 4.png */,
				5A15AE092E16758000A528AD /* 5.png */,
				5A15AE0C2E16758000A528AD /* 6.png */,
				5A15AE072E16757F00A528AD /* 7.png */,
				5A9CCD642E0AA6FD006B96BA /* LaunchScreen.storyboard */,
				5A9CCD672E0AA6FD006B96BA /* Info.plist */,
				5A9CCD6D2E1380BA006B96BA /* UIKitDemo-Bridging-Header.h */,
			);
			path = UIKitDemo;
			sourceTree = "<group>";
		};
/* End PBXGroup section */

/* Begin PBXNativeTarget section */
		5A9CCD552E0AA6F9006B96BA /* UIKitDemo */ = {
			isa = PBXNativeTarget;
			buildConfigurationList = 5A9CCD6A2E0AA6FD006B96BA /* Build configuration list for PBXNativeTarget "UIKitDemo" */;
			buildPhases = (
				5A9CCD522E0AA6F9006B96BA /* Sources */,
				5A9CCD532E0AA6F9006B96BA /* Frameworks */,
				5A9CCD542E0AA6F9006B96BA /* Resources */,
			);
			buildRules = (
			);
			dependencies = (
			);
			name = UIKitDemo;
			productName = UIKitDemo;
			productReference = 5A9CCD562E0AA6F9006B96BA /* UIKitDemo.app */;
			productType = "com.apple.product-type.application";
		};
/* End PBXNativeTarget section */

/* Begin PBXProject section */
		5A9CCD4E2E0AA6F9006B96BA /* Project object */ = {
			isa = PBXProject;
			attributes = {
				BuildIndependentTargetsInParallel = 1;
				LastSwiftUpdateCheck = 1420;
				LastUpgradeCheck = 1420;
				TargetAttributes = {
					5A9CCD552E0AA6F9006B96BA = {
						CreatedOnToolsVersion = 14.2;
						LastSwiftMigration = 1420;
					};
				};
			};
			buildConfigurationList = 5A9CCD512E0AA6F9006B96BA /* Build configuration list for PBXProject "UIKitDemo" */;
			compatibilityVersion = "Xcode 14.0";
			developmentRegion = en;
			hasScannedForEncodings = 0;
			knownRegions = (
				en,
				Base,
			);
			mainGroup = 5A9CCD4D2E0AA6F9006B96BA;
			productRefGroup = 5A9CCD572E0AA6F9006B96BA /* Products */;
			projectDirPath = "";
			projectRoot = "";
			targets = (
				5A9CCD552E0AA6F9006B96BA /* UIKitDemo */,
			);
		};
/* End PBXProject section */

/* Begin PBXResourcesBuildPhase section */
		5A9CCD542E0AA6F9006B96BA /* Resources */ = {
			isa = PBXResourcesBuildPhase;
			buildActionMask = 2147483647;
			files = (
				5A15AE122E16758100A528AD /* 4.png in Resources */,
				5A15AE112E16758100A528AD /* 2.png in Resources */,
				5A15AE0F2E16758100A528AD /* 1.png in Resources */,
				5A15AE102E16758100A528AD /* 5.png in Resources */,
				5A9CCD662E0AA6FD006B96BA /* LaunchScreen.storyboard in Resources */,
				5A9CCD632E0AA6FD006B96BA /* Assets.xcassets in Resources */,
				5A15AE132E16758100A528AD /* 6.png in Resources */,
				5AB4C30E2E4095510021D30E /* index.html in Resources */,
				5A9CCD612E0AA6F9006B96BA /* Main.storyboard in Resources */,
				5A9CCD762E138259006B96BA /* HomeViewController.xib in Resources */,
				5A15AE052E16740200A528AD /* TransitionAnimationVC.xib in Resources */,
				5A15AE0D2E16758100A528AD /* 3.png in Resources */,
				5A15ADF62E16470300A528AD /* TransframeViewController.xib in Resources */,
				5A15AE0E2E16758100A528AD /* 7.png in Resources */,
			);
			runOnlyForDeploymentPostprocessing = 0;
		};
/* End PBXResourcesBuildPhase section */

/* Begin PBXSourcesBuildPhase section */
		5A9CCD522E0AA6F9006B96BA /* Sources */ = {
			isa = PBXSourcesBuildPhase;
			buildActionMask = 2147483647;
			files = (
				5A9CCD5E2E0AA6F9006B96BA /* ViewController.swift in Sources */,
				5A9CCD5A2E0AA6F9006B96BA /* AppDelegate.swift in Sources */,
				5A089EEB2E1E4CFB005FD0A8 /* CombineTestVc.swift in Sources */,
				5A9CCD702E1380BB006B96BA /* HomeViewController+Testing.m in Sources */,
				5A9CCD742E1381EE006B96BA /* HomeViewController.m in Sources */,
				5A9CCD5C2E0AA6F9006B96BA /* SceneDelegate.swift in Sources */,
				5A15ADFD2E166B7500A528AD /* KeyFrameAnimationVC.m in Sources */,
				5A15ADFA2E16686A00A528AD /* CABaseAnimationViewController.m in Sources */,
				5AB4C30C2E4094DA0021D30E /* WKWebViewVC.swift in Sources */,
				5A15AE032E166B9700A528AD /* GroupAnimationVC.m in Sources */,
				5A15AE002E166B8400A528AD /* TransitionAnimationVC.m in Sources */,
				5A15ADF52E16470300A528AD /* TransframeViewController.m in Sources */,
			);
			runOnlyForDeploymentPostprocessing = 0;
		};
/* End PBXSourcesBuildPhase section */

/* Begin PBXVariantGroup section */
		5A9CCD5F2E0AA6F9006B96BA /* Main.storyboard */ = {
			isa = PBXVariantGroup;
			children = (
				5A9CCD602E0AA6F9006B96BA /* Base */,
			);
			name = Main.storyboard;
			sourceTree = "<group>";
		};
		5A9CCD642E0AA6FD006B96BA /* LaunchScreen.storyboard */ = {
			isa = PBXVariantGroup;
			children = (
				5A9CCD652E0AA6FD006B96BA /* Base */,
			);
			name = LaunchScreen.storyboard;
			sourceTree = "<group>";
		};
/* End PBXVariantGroup section */

/* Begin XCBuildConfiguration section */
		5A9CCD682E0AA6FD006B96BA /* Debug */ = {
			isa = XCBuildConfiguration;
			buildSettings = {
				ALWAYS_SEARCH_USER_PATHS = NO;
				CLANG_ANALYZER_NONNULL = YES;
				CLANG_ANALYZER_NUMBER_OBJECT_CONVERSION = YES_AGGRESSIVE;
				CLANG_CXX_LANGUAGE_STANDARD = "gnu++20";
				CLANG_ENABLE_MODULES = YES;
				CLANG_ENABLE_OBJC_ARC = YES;
				CLANG_ENABLE_OBJC_WEAK = YES;
				CLANG_WARN_BLOCK_CAPTURE_AUTORELEASING = YES;
				CLANG_WARN_BOOL_CONVERSION = YES;
				CLANG_WARN_COMMA = YES;
				CLANG_WARN_CONSTANT_CONVERSION = YES;
				CLANG_WARN_DEPRECATED_OBJC_IMPLEMENTATIONS = YES;
				CLANG_WARN_DIRECT_OBJC_ISA_USAGE = YES_ERROR;
				CLANG_WARN_DOCUMENTATION_COMMENTS = YES;
				CLANG_WARN_EMPTY_BODY = YES;
				CLANG_WARN_ENUM_CONVERSION = YES;
				CLANG_WARN_INFINITE_RECURSION = YES;
				CLANG_WARN_INT_CONVERSION = YES;
				CLANG_WARN_NON_LITERAL_NULL_CONVERSION = YES;
				CLANG_WARN_OBJC_IMPLICIT_RETAIN_SELF = YES;
				CLANG_WARN_OBJC_LITERAL_CONVERSION = YES;
				CLANG_WARN_OBJC_ROOT_CLASS = YES_ERROR;
				CLANG_WARN_QUOTED_INCLUDE_IN_FRAMEWORK_HEADER = YES;
				CLANG_WARN_RANGE_LOOP_ANALYSIS = YES;
				CLANG_WARN_STRICT_PROTOTYPES = YES;
				CLANG_WARN_SUSPICIOUS_MOVE = YES;
				CLANG_WARN_UNGUARDED_AVAILABILITY = YES_AGGRESSIVE;
				CLANG_WARN_UNREACHABLE_CODE = YES;
				CLANG_WARN__DUPLICATE_METHOD_MATCH = YES;
				COPY_PHASE_STRIP = NO;
				DEBUG_INFORMATION_FORMAT = dwarf;
				ENABLE_STRICT_OBJC_MSGSEND = YES;
				ENABLE_TESTABILITY = YES;
				GCC_C_LANGUAGE_STANDARD = gnu11;
				GCC_DYNAMIC_NO_PIC = NO;
				GCC_NO_COMMON_BLOCKS = YES;
				GCC_OPTIMIZATION_LEVEL = 0;
				GCC_PREPROCESSOR_DEFINITIONS = (
					"DEBUG=1",
					"$(inherited)",
				);
				GCC_WARN_64_TO_32_BIT_CONVERSION = YES;
				GCC_WARN_ABOUT_RETURN_TYPE = YES_ERROR;
				GCC_WARN_UNDECLARED_SELECTOR = YES;
				GCC_WARN_UNINITIALIZED_AUTOS = YES_AGGRESSIVE;
				GCC_WARN_UNUSED_FUNCTION = YES;
				GCC_WARN_UNUSED_VARIABLE = YES;
				IPHONEOS_DEPLOYMENT_TARGET = 16.2;
				MTL_ENABLE_DEBUG_INFO = INCLUDE_SOURCE;
				MTL_FAST_MATH = YES;
				ONLY_ACTIVE_ARCH = YES;
				SDKROOT = iphoneos;
				SWIFT_ACTIVE_COMPILATION_CONDITIONS = DEBUG;
				SWIFT_OPTIMIZATION_LEVEL = "-Onone";
			};
			name = Debug;
		};
		5A9CCD692E0AA6FD006B96BA /* Release */ = {
			isa = XCBuildConfiguration;
			buildSettings = {
				ALWAYS_SEARCH_USER_PATHS = NO;
				CLANG_ANALYZER_NONNULL = YES;
				CLANG_ANALYZER_NUMBER_OBJECT_CONVERSION = YES_AGGRESSIVE;
				CLANG_CXX_LANGUAGE_STANDARD = "gnu++20";
				CLANG_ENABLE_MODULES = YES;
				CLANG_ENABLE_OBJC_ARC = YES;
				CLANG_ENABLE_OBJC_WEAK = YES;
				CLANG_WARN_BLOCK_CAPTURE_AUTORELEASING = YES;
				CLANG_WARN_BOOL_CONVERSION = YES;
				CLANG_WARN_COMMA = YES;
				CLANG_WARN_CONSTANT_CONVERSION = YES;
				CLANG_WARN_DEPRECATED_OBJC_IMPLEMENTATIONS = YES;
				CLANG_WARN_DIRECT_OBJC_ISA_USAGE = YES_ERROR;
				CLANG_WARN_DOCUMENTATION_COMMENTS = YES;
				CLANG_WARN_EMPTY_BODY = YES;
				CLANG_WARN_ENUM_CONVERSION = YES;
				CLANG_WARN_INFINITE_RECURSION = YES;
				CLANG_WARN_INT_CONVERSION = YES;
				CLANG_WARN_NON_LITERAL_NULL_CONVERSION = YES;
				CLANG_WARN_OBJC_IMPLICIT_RETAIN_SELF = YES;
				CLANG_WARN_OBJC_LITERAL_CONVERSION = YES;
				CLANG_WARN_OBJC_ROOT_CLASS = YES_ERROR;
				CLANG_WARN_QUOTED_INCLUDE_IN_FRAMEWORK_HEADER = YES;
				CLANG_WARN_RANGE_LOOP_ANALYSIS = YES;
				CLANG_WARN_STRICT_PROTOTYPES = YES;
				CLANG_WARN_SUSPICIOUS_MOVE = YES;
				CLANG_WARN_UNGUARDED_AVAILABILITY = YES_AGGRESSIVE;
				CLANG_WARN_UNREACHABLE_CODE = YES;
				CLANG_WARN__DUPLICATE_METHOD_MATCH = YES;
				COPY_PHASE_STRIP = NO;
				DEBUG_INFORMATION_FORMAT = "dwarf-with-dsym";
				ENABLE_NS_ASSERTIONS = NO;
				ENABLE_STRICT_OBJC_MSGSEND = YES;
				GCC_C_LANGUAGE_STANDARD = gnu11;
				GCC_NO_COMMON_BLOCKS = YES;
				GCC_WARN_64_TO_32_BIT_CONVERSION = YES;
				GCC_WARN_ABOUT_RETURN_TYPE = YES_ERROR;
				GCC_WARN_UNDECLARED_SELECTOR = YES;
				GCC_WARN_UNINITIALIZED_AUTOS = YES_AGGRESSIVE;
				GCC_WARN_UNUSED_FUNCTION = YES;
				GCC_WARN_UNUSED_VARIABLE = YES;
				IPHONEOS_DEPLOYMENT_TARGET = 16.2;
				MTL_ENABLE_DEBUG_INFO = NO;
				MTL_FAST_MATH = YES;
				SDKROOT = iphoneos;
				SWIFT_COMPILATION_MODE = wholemodule;
				SWIFT_OPTIMIZATION_LEVEL = "-O";
				VALIDATE_PRODUCT = YES;
			};
			name = Release;
		};
		5A9CCD6B2E0AA6FD006B96BA /* Debug */ = {
			isa = XCBuildConfiguration;
			buildSettings = {
				ASSETCATALOG_COMPILER_APPICON_NAME = AppIcon;
				ASSETCATALOG_COMPILER_GLOBAL_ACCENT_COLOR_NAME = AccentColor;
				CLANG_ENABLE_MODULES = YES;
				CODE_SIGN_IDENTITY = "Apple Development";
				CODE_SIGN_STYLE = Automatic;
				CURRENT_PROJECT_VERSION = 1;
				DEBUG_INFORMATION_FORMAT = "dwarf-with-dsym";
				DEFINES_MODULE = YES;
				DEVELOPMENT_TEAM = X9X5X3UP3M;
				ENABLE_STRICT_OBJC_MSGSEND = YES;
				GCC_PRECOMPILE_PREFIX_HEADER = YES;
				GCC_PREFIX_HEADER = "$(SRCROOT)/UIKitDemo/PrefixHeader.pch";
				GENERATE_INFOPLIST_FILE = YES;
				INFOPLIST_FILE = UIKitDemo/Info.plist;
				INFOPLIST_KEY_UIApplicationSupportsIndirectInputEvents = YES;
				INFOPLIST_KEY_UILaunchStoryboardName = LaunchScreen;
				INFOPLIST_KEY_UIMainStoryboardFile = Main;
				INFOPLIST_KEY_UISupportedInterfaceOrientations_iPad = "UIInterfaceOrientationPortrait UIInterfaceOrientationPortraitUpsideDown UIInterfaceOrientationLandscapeLeft UIInterfaceOrientationLandscapeRight";
				INFOPLIST_KEY_UISupportedInterfaceOrientations_iPhone = "UIInterfaceOrientationPortrait UIInterfaceOrientationLandscapeLeft UIInterfaceOrientationLandscapeRight";
				IPHONEOS_DEPLOYMENT_TARGET = 14.1;
				LD_RUNPATH_SEARCH_PATHS = (
					"$(inherited)",
					"@executable_path/Frameworks",
				);
				MARKETING_VERSION = 1.0;
				PRODUCT_BUNDLE_IDENTIFIER = Ccfax.UIKitDemo;
				PRODUCT_NAME = "$(TARGET_NAME)";
				PROVISIONING_PROFILE_SPECIFIER = "";
				SWIFT_EMIT_LOC_STRINGS = YES;
				SWIFT_OBJC_BRIDGING_HEADER = "UIKitDemo/UIKitDemo-Bridging-Header.h";
				SWIFT_OPTIMIZATION_LEVEL = "-Onone";
				SWIFT_VERSION = 5.0;
				TARGETED_DEVICE_FAMILY = "1,2";
			};
			name = Debug;
		};
		5A9CCD6C2E0AA6FD006B96BA /* Release */ = {
			isa = XCBuildConfiguration;
			buildSettings = {
				ASSETCATALOG_COMPILER_APPICON_NAME = AppIcon;
				ASSETCATALOG_COMPILER_GLOBAL_ACCENT_COLOR_NAME = AccentColor;
				CLANG_ENABLE_MODULES = YES;
				CODE_SIGN_IDENTITY = "Apple Development";
				CODE_SIGN_STYLE = Automatic;
				CURRENT_PROJECT_VERSION = 1;
				DEFINES_MODULE = YES;
				DEVELOPMENT_TEAM = X9X5X3UP3M;
				ENABLE_STRICT_OBJC_MSGSEND = YES;
				GCC_PRECOMPILE_PREFIX_HEADER = YES;
				GCC_PREFIX_HEADER = "$(SRCROOT)/UIKitDemo/PrefixHeader.pch";
				GENERATE_INFOPLIST_FILE = YES;
				INFOPLIST_FILE = UIKitDemo/Info.plist;
				INFOPLIST_KEY_UIApplicationSupportsIndirectInputEvents = YES;
				INFOPLIST_KEY_UILaunchStoryboardName = LaunchScreen;
				INFOPLIST_KEY_UIMainStoryboardFile = Main;
				INFOPLIST_KEY_UISupportedInterfaceOrientations_iPad = "UIInterfaceOrientationPortrait UIInterfaceOrientationPortraitUpsideDown UIInterfaceOrientationLandscapeLeft UIInterfaceOrientationLandscapeRight";
				INFOPLIST_KEY_UISupportedInterfaceOrientations_iPhone = "UIInterfaceOrientationPortrait UIInterfaceOrientationLandscapeLeft UIInterfaceOrientationLandscapeRight";
				IPHONEOS_DEPLOYMENT_TARGET = 14.1;
				LD_RUNPATH_SEARCH_PATHS = (
					"$(inherited)",
					"@executable_path/Frameworks",
				);
				MARKETING_VERSION = 1.0;
				PRODUCT_BUNDLE_IDENTIFIER = Ccfax.UIKitDemo;
				PRODUCT_NAME = "$(TARGET_NAME)";
				PROVISIONING_PROFILE_SPECIFIER = "";
				SWIFT_EMIT_LOC_STRINGS = YES;
				SWIFT_OBJC_BRIDGING_HEADER = "UIKitDemo/UIKitDemo-Bridging-Header.h";
				SWIFT_VERSION = 5.0;
				TARGETED_DEVICE_FAMILY = "1,2";
			};
			name = Release;
		};
/* End XCBuildConfiguration section */

/* Begin XCConfigurationList section */
		5A9CCD512E0AA6F9006B96BA /* Build configuration list for PBXProject "UIKitDemo" */ = {
			isa = XCConfigurationList;
			buildConfigurations = (
				5A9CCD682E0AA6FD006B96BA /* Debug */,
				5A9CCD692E0AA6FD006B96BA /* Release */,
			);
			defaultConfigurationIsVisible = 0;
			defaultConfigurationName = Release;
		};
		5A9CCD6A2E0AA6FD006B96BA /* Build configuration list for PBXNativeTarget "UIKitDemo" */ = {
			isa = XCConfigurationList;
			buildConfigurations = (
				5A9CCD6B2E0AA6FD006B96BA /* Debug */,
				5A9CCD6C2E0AA6FD006B96BA /* Release */,
			);
			defaultConfigurationIsVisible = 0;
			defaultConfigurationName = Release;
		};
/* End XCConfigurationList section */
	};
	rootObject = 5A9CCD4E2E0AA6F9006B96BA /* Project object */;
}
